
Microsoft Visual Studio Solution File, Format Version 12.00
# Visual Studio Version 16
VisualStudioVersion = 16.0.31410.357
MinimumVisualStudioVersion = 10.0.40219.1
Project("{8BC9CEB8-8B4A-11D0-8D11-00A0C91BC942}") = "bcompat7", "bcompat7\bcompat7.vcxproj", "{C6F13812-071A-4DF9-AB8D-911FC5866E81}"
EndProject
Global
	GlobalSection(SolutionConfigurationPlatforms) = preSolution
		Debug|x64 = Debug|x64
		Debug|x86 = Debug|x86
		Release|x64 = Release|x64
		Release|x86 = Release|x86
	EndGlobalSection
	GlobalSection(ProjectConfigurationPlatforms) = postSolution
		{C6F13812-071A-4DF9-AB8D-911FC5866E81}.Debug|x64.ActiveCfg = Debug|x64
		{C6F13812-071A-4DF9-AB8D-911FC5866E81}.Debug|x64.Build.0 = Debug|x64
		{C6F13812-071A-4DF9-AB8D-911FC5866E81}.Debug|x86.ActiveCfg = Debug|Win32
		{C6F13812-071A-4DF9-AB8D-911FC5866E81}.Debug|x86.Build.0 = Debug|Win32
		{C6F13812-071A-4DF9-AB8D-911FC5866E81}.Release|x64.ActiveCfg = Release|x64
		{C6F13812-071A-4DF9-AB8D-911FC5866E81}.Release|x64.Build.0 = Release|x64
		{C6F13812-071A-4DF9-AB8D-911FC5866E81}.Release|x86.ActiveCfg = Release|Win32
		{C6F13812-071A-4DF9-AB8D-911FC5866E81}.Release|x86.Build.0 = Release|Win32
	EndGlobalSection
	GlobalSection(SolutionProperties) = preSolution
		HideSolutionNode = FALSE
	EndGlobalSection
	GlobalSection(ExtensibilityGlobals) = postSolution
		SolutionGuid = {042F5B84-B9B3-437A-A3BC-7C0078627EE3}
	EndGlobalSection
EndGlobal
